// !$*UTF8*$!
{
	archiveVersion = 1;
	classes = {
	};
	objectVersion = 77;
	objects = {

/* Begin PBXContainerItemProxy section */
		D390E7682DEEE5EA0026278B /* PBXContainerItemProxy */ = {
			isa = PBXContainerItemProxy;
			containerPortal = D390E74F2DEEE5E90026278B /* Project object */;
			proxyType = 1;
			remoteGlobalIDString = D390E7562DEEE5E90026278B;
			remoteInfo = SwiftTestingSampleApp;
		};
		D390E7722DEEE5EA0026278B /* PBXContainerItemProxy */ = {
			isa = PBXContainerItemProxy;
			containerPortal = D390E74F2DEEE5E90026278B /* Project object */;
			proxyType = 1;
			remoteGlobalIDString = D390E7562DEEE5E90026278B;
			remoteInfo = SwiftTestingSampleApp;
		};
/* End PBXContainerItemProxy section */

/* Begin PBXFileReference section */
		D390E7572DEEE5E90026278B /* SwiftTestingSampleApp.app */ = {isa = PBXFileReference; explicitFileType = wrapper.application; includeInIndex = 0; path = SwiftTestingSampleApp.app; sourceTree = BUILT_PRODUCTS_DIR; };
		D390E7672DEEE5EA0026278B /* SwiftTestingSampleAppTests.xctest */ = {isa = PBXFileReference; explicitFileType = wrapper.cfbundle; includeInIndex = 0; path = SwiftTestingSampleAppTests.xctest; sourceTree = BUILT_PRODUCTS_DIR; };
		D390E7712DEEE5EA0026278B /* SwiftTestingSampleAppUITests.xctest */ = {isa = PBXFileReference; explicitFileType = wrapper.cfbundle; includeInIndex = 0; path = SwiftTestingSampleAppUITests.xctest; sourceTree = BUILT_PRODUCTS_DIR; };
/* End PBXFileReference section */

/* Begin PBXFileSystemSynchronizedRootGroup section */
		D390E7592DEEE5E90026278B /* SwiftTestingSampleApp */ = {
			isa = PBXFileSystemSynchronizedRootGroup;
			path = SwiftTestingSampleApp;
			sourceTree = "<group>";
		};
		D390E76A2DEEE5EA0026278B /* SwiftTestingSampleAppTests */ = {
			isa = PBXFileSystemSynchronizedRootGroup;
			path = SwiftTestingSampleAppTests;
			sourceTree = "<group>";
		};
		D390E7742DEEE5EA0026278B /* SwiftTestingSampleAppUITests */ = {
			isa = PBXFileSystemSynchronizedRootGroup;
			path = SwiftTestingSampleAppUITests;
			sourceTree = "<group>";
		};
/* End PBXFileSystemSynchronizedRootGroup section */

/* Begin PBXFrameworksBuildPhase section */
		D390E7542DEEE5E90026278B /* Frameworks */ = {
			isa = PBXFrameworksBuildPhase;
			buildActionMask = 2147483647;
			files = (
			);
			runOnlyForDeploymentPostprocessing = 0;
		};
		D390E7642DEEE5EA0026278B /* Frameworks */ = {
			isa = PBXFrameworksBuildPhase;
			buildActionMask = 2147483647;
			files = (
			);
			runOnlyForDeploymentPostprocessing = 0;
		};
		D390E76E2DEEE5EA0026278B /* Frameworks */ = {
			isa = PBXFrameworksBuildPhase;
			buildActionMask = 2147483647;
			files = (
			);
			runOnlyForDeploymentPostprocessing = 0;
		};
/* End PBXFrameworksBuildPhase section */

/* Begin PBXGroup section */
		D390E74E2DEEE5E90026278B = {
			isa = PBXGroup;
			children = (
				D390E76A2DEEE5EA0026278B /* SwiftTestingSampleAppTests */,
				D390E7742DEEE5EA0026278B /* SwiftTestingSampleAppUITests */,
				D390E7582DEEE5E90026278B /* Products */,
				D390E7592DEEE5E90026278B /* SwiftTestingSampleApp */,
			);
			sourceTree = "<group>";
		};
		D390E7582DEEE5E90026278B /* Products */ = {
			isa = PBXGroup;
			children = (
				D390E7572DEEE5E90026278B /* SwiftTestingSampleApp.app */,
				D390E7672DEEE5EA0026278B /* SwiftTestingSampleAppTests.xctest */,
				D390E7712DEEE5EA0026278B /* SwiftTestingSampleAppUITests.xctest */,
			);
			name = Products;
			sourceTree = "<group>";
		};
/* End PBXGroup section */

/* Begin PBXNativeTarget section */
		D390E7562DEEE5E90026278B /* SwiftTestingSampleApp */ = {
			isa = PBXNativeTarget;
			buildConfigurationList = D390E77B2DEEE5EA0026278B /* Build configuration list for PBXNativeTarget "SwiftTestingSampleApp" */;
			buildPhases = (
				D390E7532DEEE5E90026278B /* Sources */,
				D390E7542DEEE5E90026278B /* Frameworks */,
				D390E7552DEEE5E90026278B /* Resources */,
			);
			buildRules = (
			);
			dependencies = (
			);
			fileSystemSynchronizedGroups = (
				D390E7592DEEE5E90026278B /* SwiftTestingSampleApp */,
			);
			name = SwiftTestingSampleApp;
			packageProductDependencies = (
			);
			productName = SwiftTestingSampleApp;
			productReference = D390E7572DEEE5E90026278B /* SwiftTestingSampleApp.app */;
			productType = "com.apple.product-type.application";
		};
		D390E7662DEEE5EA0026278B /* SwiftTestingSampleAppTests */ = {
			isa = PBXNativeTarget;
			buildConfigurationList = D390E77E2DEEE5EA0026278B /* Build configuration list for PBXNativeTarget "SwiftTestingSampleAppTests" */;
			buildPhases = (
				D390E7632DEEE5EA0026278B /* Sources */,
				D390E7642DEEE5EA0026278B /* Frameworks */,
				D390E7652DEEE5EA0026278B /* Resources */,
			);
			buildRules = (
			);
			dependencies = (
				D390E7692DEEE5EA0026278B /* PBXTargetDependency */,
			);
			fileSystemSynchronizedGroups = (
				D390E76A2DEEE5EA0026278B /* SwiftTestingSampleAppTests */,
			);
			name = SwiftTestingSampleAppTests;
			packageProductDependencies = (
			);
			productName = SwiftTestingSampleAppTests;
			productReference = D390E7672DEEE5EA0026278B /* SwiftTestingSampleAppTests.xctest */;
			productType = "com.apple.product-type.bundle.unit-test";
		};
		D390E7702DEEE5EA0026278B /* SwiftTestingSampleAppUITests */ = {
			isa = PBXNativeTarget;
			buildConfigurationList = D390E7812DEEE5EA0026278B /* Build configuration list for PBXNativeTarget "SwiftTestingSampleAppUITests" */;
			buildPhases = (
				D390E76D2DEEE5EA0026278B /* Sources */,
				D390E76E2DEEE5EA0026278B /* Frameworks */,
				D390E76F2DEEE5EA0026278B /* Resources */,
			);
			buildRules = (
			);
			dependencies = (
				D390E7732DEEE5EA0026278B /* PBXTargetDependency */,
			);
			fileSystemSynchronizedGroups = (
				D390E7742DEEE5EA0026278B /* SwiftTestingSampleAppUITests */,
			);
			name = SwiftTestingSampleAppUITests;
			packageProductDependencies = (
			);
			productName = SwiftTestingSampleAppUITests;
			productReference = D390E7712DEEE5EA0026278B /* SwiftTestingSampleAppUITests.xctest */;
			productType = "com.apple.product-type.bundle.ui-testing";
		};
/* End PBXNativeTarget section */

/* Begin PBXProject section */
		D390E74F2DEEE5E90026278B /* Project object */ = {
			isa = PBXProject;
			attributes = {
				BuildIndependentTargetsInParallel = 1;
				LastSwiftUpdateCheck = 1620;
				LastUpgradeCheck = 1620;
				TargetAttributes = {
					D390E7562DEEE5E90026278B = {
						CreatedOnToolsVersion = 16.2;
					};
					D390E7662DEEE5EA0026278B = {
						CreatedOnToolsVersion = 16.2;
						TestTargetID = D390E7562DEEE5E90026278B;
					};
					D390E7702DEEE5EA0026278B = {
						CreatedOnToolsVersion = 16.2;
						TestTargetID = D390E7562DEEE5E90026278B;
					};
				};
			};
			buildConfigurationList = D390E7522DEEE5E90026278B /* Build configuration list for PBXProject "SwiftTestingSampleApp" */;
			developmentRegion = en;
			hasScannedForEncodings = 0;
			knownRegions = (
				en,
				Base,
			);
			mainGroup = D390E74E2DEEE5E90026278B;
			minimizedProjectReferenceProxies = 1;
			preferredProjectObjectVersion = 77;
			productRefGroup = D390E7582DEEE5E90026278B /* Products */;
			projectDirPath = "";
			projectRoot = "";
			targets = (
				D390E7562DEEE5E90026278B /* SwiftTestingSampleApp */,
				D390E7662DEEE5EA0026278B /* SwiftTestingSampleAppTests */,
				D390E7702DEEE5EA0026278B /* SwiftTestingSampleAppUITests */,
			);
		};
/* End PBXProject section */

/* Begin PBXResourcesBuildPhase section */
		D390E7552DEEE5E90026278B /* Resources */ = {
			isa = PBXResourcesBuildPhase;
			buildActionMask = 2147483647;
			files = (
			);
			runOnlyForDeploymentPostprocessing = 0;
		};
		D390E7652DEEE5EA0026278B /* Resources */ = {
			isa = PBXResourcesBuildPhase;
			buildActionMask = 2147483647;
			files = (
			);
			runOnlyForDeploymentPostprocessing = 0;
		};
		D390E76F2DEEE5EA0026278B /* Resources */ = {
			isa = PBXResourcesBuildPhase;
			buildActionMask = 2147483647;
			files = (
			);
			runOnlyForDeploymentPostprocessing = 0;
		};
/* End PBXResourcesBuildPhase section */

/* Begin PBXSourcesBuildPhase section */
		D390E7532DEEE5E90026278B /* Sources */ = {
			isa = PBXSourcesBuildPhase;
			buildActionMask = 2147483647;
			files = (
			);
			runOnlyForDeploymentPostprocessing = 0;
		};
		D390E7632DEEE5EA0026278B /* Sources */ = {
			isa = PBXSourcesBuildPhase;
			buildActionMask = 2147483647;
			files = (
			);
			runOnlyForDeploymentPostprocessing = 0;
		};
		D390E76D2DEEE5EA0026278B /* Sources */ = {
			isa = PBXSourcesBuildPhase;
			buildActionMask = 2147483647;
			files = (
			);
			runOnlyForDeploymentPostprocessing = 0;
		};
/* End PBXSourcesBuildPhase section */

/* Begin PBXTargetDependency section */
		D390E7692DEEE5EA0026278B /* PBXTargetDependency */ = {
			isa = PBXTargetDependency;
			target = D390E7562DEEE5E90026278B /* SwiftTestingSampleApp */;
			targetProxy = D390E7682DEEE5EA0026278B /* PBXContainerItemProxy */;
		};
		D390E7732DEEE5EA0026278B /* PBXTargetDependency */ = {
			isa = PBXTargetDependency;
			target = D390E7562DEEE5E90026278B /* SwiftTestingSampleApp */;
			targetProxy = D390E7722DEEE5EA0026278B /* PBXContainerItemProxy */;
		};
/* End PBXTargetDependency section */

/* Begin XCBuildConfiguration section */
		D390E7792DEEE5EA0026278B /* Debug */ = {
			isa = XCBuildConfiguration;
			buildSettings = {
				ALWAYS_SEARCH_USER_PATHS = NO;
				ASSETCATALOG_COMPILER_GENERATE_SWIFT_ASSET_SYMBOL_EXTENSIONS = YES;
				CLANG_ANALYZER_NONNULL = YES;
				CLANG_ANALYZER_NUMBER_OBJECT_CONVERSION = YES_AGGRESSIVE;
				CLANG_CXX_LANGUAGE_STANDARD = "gnu++20";
				CLANG_ENABLE_MODULES = YES;
				CLANG_ENABLE_OBJC_ARC = YES;
				CLANG_ENABLE_OBJC_WEAK = YES;
				CLANG_WARN_BLOCK_CAPTURE_AUTORELEASING = YES;
				CLANG_WARN_BOOL_CONVERSION = YES;
				CLANG_WARN_COMMA = YES;
				CLANG_WARN_CONSTANT_CONVERSION = YES;
				CLANG_WARN_DEPRECATED_OBJC_IMPLEMENTATIONS = YES;
				CLANG_WARN_DIRECT_OBJC_ISA_USAGE = YES_ERROR;
				CLANG_WARN_DOCUMENTATION_COMMENTS = YES;
				CLANG_WARN_EMPTY_BODY = YES;
				CLANG_WARN_ENUM_CONVERSION = YES;
				CLANG_WARN_INFINITE_RECURSION = YES;
				CLANG_WARN_INT_CONVERSION = YES;
				CLANG_WARN_NON_LITERAL_NULL_CONVERSION = YES;
				CLANG_WARN_OBJC_IMPLICIT_RETAIN_SELF = YES;
				CLANG_WARN_OBJC_LITERAL_CONVERSION = YES;
				CLANG_WARN_OBJC_ROOT_CLASS = YES_ERROR;
				CLANG_WARN_QUOTED_INCLUDE_IN_FRAMEWORK_HEADER = YES;
				CLANG_WARN_RANGE_LOOP_ANALYSIS = YES;
				CLANG_WARN_STRICT_PROTOTYPES = YES;
				CLANG_WARN_SUSPICIOUS_MOVE = YES;
				CLANG_WARN_UNGUARDED_AVAILABILITY = YES_AGGRESSIVE;
				CLANG_WARN_UNREACHABLE_CODE = YES;
				CLANG_WARN__DUPLICATE_METHOD_MATCH = YES;
				COPY_PHASE_STRIP = NO;
				DEBUG_INFORMATION_FORMAT = dwarf;
				ENABLE_STRICT_OBJC_MSGSEND = YES;
				ENABLE_TESTABILITY = YES;
				ENABLE_USER_SCRIPT_SANDBOXING = YES;
				GCC_C_LANGUAGE_STANDARD = gnu17;
				GCC_DYNAMIC_NO_PIC = NO;
				GCC_NO_COMMON_BLOCKS = YES;
				GCC_OPTIMIZATION_LEVEL = 0;
				GCC_PREPROCESSOR_DEFINITIONS = (
					"DEBUG=1",
					"$(inherited)",
				);
				GCC_WARN_64_TO_32_BIT_CONVERSION = YES;
				GCC_WARN_ABOUT_RETURN_TYPE = YES_ERROR;
				GCC_WARN_UNDECLARED_SELECTOR = YES;
				GCC_WARN_UNINITIALIZED_AUTOS = YES_AGGRESSIVE;
				GCC_WARN_UNUSED_FUNCTION = YES;
				GCC_WARN_UNUSED_VARIABLE = YES;
				IPHONEOS_DEPLOYMENT_TARGET = 18.2;
				LOCALIZATION_PREFERS_STRING_CATALOGS = YES;
				MTL_ENABLE_DEBUG_INFO = INCLUDE_SOURCE;
				MTL_FAST_MATH = YES;
				ONLY_ACTIVE_ARCH = YES;
				SDKROOT = iphoneos;
				SWIFT_ACTIVE_COMPILATION_CONDITIONS = "DEBUG $(inherited)";
				SWIFT_OPTIMIZATION_LEVEL = "-Onone";
			};
			name = Debug;
		};
		D390E77A2DEEE5EA0026278B /* Release */ = {
			isa = XCBuildConfiguration;
			buildSettings = {
				ALWAYS_SEARCH_USER_PATHS = NO;
				ASSETCATALOG_COMPILER_GENERATE_SWIFT_ASSET_SYMBOL_EXTENSIONS = YES;
				CLANG_ANALYZER_NONNULL = YES;
				CLANG_ANALYZER_NUMBER_OBJECT_CONVERSION = YES_AGGRESSIVE;
				CLANG_CXX_LANGUAGE_STANDARD = "gnu++20";
				CLANG_ENABLE_MODULES = YES;
				CLANG_ENABLE_OBJC_ARC = YES;
				CLANG_ENABLE_OBJC_WEAK = YES;
				CLANG_WARN_BLOCK_CAPTURE_AUTORELEASING = YES;
				CLANG_WARN_BOOL_CONVERSION = YES;
				CLANG_WARN_COMMA = YES;
				CLANG_WARN_CONSTANT_CONVERSION = YES;
				CLANG_WARN_DEPRECATED_OBJC_IMPLEMENTATIONS = YES;
				CLANG_WARN_DIRECT_OBJC_ISA_USAGE = YES_ERROR;
				CLANG_WARN_DOCUMENTATION_COMMENTS = YES;
				CLANG_WARN_EMPTY_BODY = YES;
				CLANG_WARN_ENUM_CONVERSION = YES;
				CLANG_WARN_INFINITE_RECURSION = YES;
				CLANG_WARN_INT_CONVERSION = YES;
				CLANG_WARN_NON_LITERAL_NULL_CONVERSION = YES;
				CLANG_WARN_OBJC_IMPLICIT_RETAIN_SELF = YES;
				CLANG_WARN_OBJC_LITERAL_CONVERSION = YES;
				CLANG_WARN_OBJC_ROOT_CLASS = YES_ERROR;
				CLANG_WARN_QUOTED_INCLUDE_IN_FRAMEWORK_HEADER = YES;
				CLANG_WARN_RANGE_LOOP_ANALYSIS = YES;
				CLANG_WARN_STRICT_PROTOTYPES = YES;
				CLANG_WARN_SUSPICIOUS_MOVE = YES;
				CLANG_WARN_UNGUARDED_AVAILABILITY = YES_AGGRESSIVE;
				CLANG_WARN_UNREACHABLE_CODE = YES;
				CLANG_WARN__DUPLICATE_METHOD_MATCH = YES;
				COPY_PHASE_STRIP = NO;
				DEBUG_INFORMATION_FORMAT = "dwarf-with-dsym";
				ENABLE_NS_ASSERTIONS = NO;
				ENABLE_STRICT_OBJC_MSGSEND = YES;
				ENABLE_USER_SCRIPT_SANDBOXING = YES;
				GCC_C_LANGUAGE_STANDARD = gnu17;
				GCC_NO_COMMON_BLOCKS = YES;
				GCC_WARN_64_TO_32_BIT_CONVERSION = YES;
				GCC_WARN_ABOUT_RETURN_TYPE = YES_ERROR;
				GCC_WARN_UNDECLARED_SELECTOR = YES;
				GCC_WARN_UNINITIALIZED_AUTOS = YES_AGGRESSIVE;
				GCC_WARN_UNUSED_FUNCTION = YES;
				GCC_WARN_UNUSED_VARIABLE = YES;
				IPHONEOS_DEPLOYMENT_TARGET = 18.2;
				LOCALIZATION_PREFERS_STRING_CATALOGS = YES;
				MTL_ENABLE_DEBUG_INFO = NO;
				MTL_FAST_MATH = YES;
				SDKROOT = iphoneos;
				SWIFT_COMPILATION_MODE = wholemodule;
				VALIDATE_PRODUCT = YES;
			};
			name = Release;
		};
		D390E77C2DEEE5EA0026278B /* Debug */ = {
			isa = XCBuildConfiguration;
			buildSettings = {
				ASSETCATALOG_COMPILER_APPICON_NAME = AppIcon;
				ASSETCATALOG_COMPILER_GLOBAL_ACCENT_COLOR_NAME = AccentColor;
				CODE_SIGN_STYLE = Automatic;
				CURRENT_PROJECT_VERSION = 1;
				DEVELOPMENT_ASSET_PATHS = "\"SwiftTestingSampleApp/Preview Content\"";
				DEVELOPMENT_TEAM = 5X8693T2V7;
				ENABLE_PREVIEWS = YES;
				GENERATE_INFOPLIST_FILE = YES;
				INFOPLIST_KEY_UIApplicationSceneManifest_Generation = YES;
				INFOPLIST_KEY_UIApplicationSupportsIndirectInputEvents = YES;
				INFOPLIST_KEY_UILaunchScreen_Generation = YES;
				INFOPLIST_KEY_UISupportedInterfaceOrientations_iPad = "UIInterfaceOrientationPortrait UIInterfaceOrientationPortraitUpsideDown UIInterfaceOrientationLandscapeLeft UIInterfaceOrientationLandscapeRight";
				INFOPLIST_KEY_UISupportedInterfaceOrientations_iPhone = "UIInterfaceOrientationPortrait UIInterfaceOrientationLandscapeLeft UIInterfaceOrientationLandscapeRight";
				IPHONEOS_DEPLOYMENT_TARGET = 18.0.1;
				LD_RUNPATH_SEARCH_PATHS = (
					"$(inherited)",
					"@executable_path/Frameworks",
				);
				MARKETING_VERSION = 1.0;
				PRODUCT_BUNDLE_IDENTIFIER = com.w.kot.SwiftTestingSampleApp;
				PRODUCT_NAME = "$(TARGET_NAME)";
				SWIFT_EMIT_LOC_STRINGS = YES;
				SWIFT_VERSION = 5.0;
				TARGETED_DEVICE_FAMILY = "1,2";
			};
			name = Debug;
		};
		D390E77D2DEEE5EA0026278B /* Release */ = {
			isa = XCBuildConfiguration;
			buildSettings = {
				ASSETCATALOG_COMPILER_APPICON_NAME = AppIcon;
				ASSETCATALOG_COMPILER_GLOBAL_ACCENT_COLOR_NAME = AccentColor;
				CODE_SIGN_STYLE = Automatic;
				CURRENT_PROJECT_VERSION = 1;
				DEVELOPMENT_ASSET_PATHS = "\"SwiftTestingSampleApp/Preview Content\"";
				DEVELOPMENT_TEAM = 5X8693T2V7;
				ENABLE_PREVIEWS = YES;
				GENERATE_INFOPLIST_FILE = YES;
				INFOPLIST_KEY_UIApplicationSceneManifest_Generation = YES;
				INFOPLIST_KEY_UIApplicationSupportsIndirectInputEvents = YES;
				INFOPLIST_KEY_UILaunchScreen_Generation = YES;
				INFOPLIST_KEY_UISupportedInterfaceOrientations_iPad = "UIInterfaceOrientationPortrait UIInterfaceOrientationPortraitUpsideDown UIInterfaceOrientationLandscapeLeft UIInterfaceOrientationLandscapeRight";
				INFOPLIST_KEY_UISupportedInterfaceOrientations_iPhone = "UIInterfaceOrientationPortrait UIInterfaceOrientationLandscapeLeft UIInterfaceOrientationLandscapeRight";
				IPHONEOS_DEPLOYMENT_TARGET = 18.0.1;
				LD_RUNPATH_SEARCH_PATHS = (
					"$(inherited)",
					"@executable_path/Frameworks",
				);
				MARKETING_VERSION = 1.0;
				PRODUCT_BUNDLE_IDENTIFIER = com.w.kot.SwiftTestingSampleApp;
				PRODUCT_NAME = "$(TARGET_NAME)";
				SWIFT_EMIT_LOC_STRINGS = YES;
				SWIFT_VERSION = 5.0;
				TARGETED_DEVICE_FAMILY = "1,2";
			};
			name = Release;
		};
		D390E77F2DEEE5EA0026278B /* Debug */ = {
			isa = XCBuildConfiguration;
			buildSettings = {
				BUNDLE_LOADER = "$(TEST_HOST)";
				CODE_SIGN_STYLE = Automatic;
				CURRENT_PROJECT_VERSION = 1;
				DEVELOPMENT_TEAM = 5X8693T2V7;
				GENERATE_INFOPLIST_FILE = YES;
				IPHONEOS_DEPLOYMENT_TARGET = 18.2;
				MARKETING_VERSION = 1.0;
				PRODUCT_BUNDLE_IDENTIFIER = com.w.kot.SwiftTestingSampleAppTests;
				PRODUCT_NAME = "$(TARGET_NAME)";
				SWIFT_EMIT_LOC_STRINGS = NO;
				SWIFT_VERSION = 5.0;
				TARGETED_DEVICE_FAMILY = "1,2";
				TEST_HOST = "$(BUILT_PRODUCTS_DIR)/SwiftTestingSampleApp.app/$(BUNDLE_EXECUTABLE_FOLDER_PATH)/SwiftTestingSampleApp";
			};
			name = Debug;
		};
		D390E7802DEEE5EA0026278B /* Release */ = {
			isa = XCBuildConfiguration;
			buildSettings = {
				BUNDLE_LOADER = "$(TEST_HOST)";
				CODE_SIGN_STYLE = Automatic;
				CURRENT_PROJECT_VERSION = 1;
				DEVELOPMENT_TEAM = 5X8693T2V7;
				GENERATE_INFOPLIST_FILE = YES;
				IPHONEOS_DEPLOYMENT_TARGET = 18.2;
				MARKETING_VERSION = 1.0;
				PRODUCT_BUNDLE_IDENTIFIER = com.w.kot.SwiftTestingSampleAppTests;
				PRODUCT_NAME = "$(TARGET_NAME)";
				SWIFT_EMIT_LOC_STRINGS = NO;
				SWIFT_VERSION = 5.0;
				TARGETED_DEVICE_FAMILY = "1,2";
				TEST_HOST = "$(BUILT_PRODUCTS_DIR)/SwiftTestingSampleApp.app/$(BUNDLE_EXECUTABLE_FOLDER_PATH)/SwiftTestingSampleApp";
			};
			name = Release;
		};
		D390E7822DEEE5EA0026278B /* Debug */ = {
			isa = XCBuildConfiguration;
			buildSettings = {
				CODE_SIGN_STYLE = Automatic;
				CURRENT_PROJECT_VERSION = 1;
				DEVELOPMENT_TEAM = 5X8693T2V7;
				GENERATE_INFOPLIST_FILE = YES;
				MARKETING_VERSION = 1.0;
				PRODUCT_BUNDLE_IDENTIFIER = com.w.kot.SwiftTestingSampleAppUITests;
				PRODUCT_NAME = "$(TARGET_NAME)";
				SWIFT_EMIT_LOC_STRINGS = NO;
				SWIFT_VERSION = 5.0;
				TARGETED_DEVICE_FAMILY = "1,2";
				TEST_TARGET_NAME = SwiftTestingSampleApp;
			};
			name = Debug;
		};
		D390E7832DEEE5EA0026278B /* Release */ = {
			isa = XCBuildConfiguration;
			buildSettings = {
				CODE_SIGN_STYLE = Automatic;
				CURRENT_PROJECT_VERSION = 1;
				DEVELOPMENT_TEAM = 5X8693T2V7;
				GENERATE_INFOPLIST_FILE = YES;
				MARKETING_VERSION = 1.0;
				PRODUCT_BUNDLE_IDENTIFIER = com.w.kot.SwiftTestingSampleAppUITests;
				PRODUCT_NAME = "$(TARGET_NAME)";
				SWIFT_EMIT_LOC_STRINGS = NO;
				SWIFT_VERSION = 5.0;
				TARGETED_DEVICE_FAMILY = "1,2";
				TEST_TARGET_NAME = SwiftTestingSampleApp;
			};
			name = Release;
		};
/* End XCBuildConfiguration section */

/* Begin XCConfigurationList section */
		D390E7522DEEE5E90026278B /* Build configuration list for PBXProject "SwiftTestingSampleApp" */ = {
			isa = XCConfigurationList;
			buildConfigurations = (
				D390E7792DEEE5EA0026278B /* Debug */,
				D390E77A2DEEE5EA0026278B /* Release */,
			);
			defaultConfigurationIsVisible = 0;
			defaultConfigurationName = Release;
		};
		D390E77B2DEEE5EA0026278B /* Build configuration list for PBXNativeTarget "SwiftTestingSampleApp" */ = {
			isa = XCConfigurationList;
			buildConfigurations = (
				D390E77C2DEEE5EA0026278B /* Debug */,
				D390E77D2DEEE5EA0026278B /* Release */,
			);
			defaultConfigurationIsVisible = 0;
			defaultConfigurationName = Release;
		};
		D390E77E2DEEE5EA0026278B /* Build configuration list for PBXNativeTarget "SwiftTestingSampleAppTests" */ = {
			isa = XCConfigurationList;
			buildConfigurations = (
				D390E77F2DEEE5EA0026278B /* Debug */,
				D390E7802DEEE5EA0026278B /* Release */,
			);
			defaultConfigurationIsVisible = 0;
			defaultConfigurationName = Release;
		};
		D390E7812DEEE5EA0026278B /* Build configuration list for PBXNativeTarget "SwiftTestingSampleAppUITests" */ = {
			isa = XCConfigurationList;
			buildConfigurations = (
				D390E7822DEEE5EA0026278B /* Debug */,
				D390E7832DEEE5EA0026278B /* Release */,
			);
			defaultConfigurationIsVisible = 0;
			defaultConfigurationName = Release;
		};
/* End XCConfigurationList section */
	};
	rootObject = D390E74F2DEEE5E90026278B /* Project object */;
}
